
Microsoft Visual Studio Solution File, Format Version 12.00
# Visual Studio Version 16
VisualStudioVersion = 16.0.29411.108
MinimumVisualStudioVersion = 10.0.40219.1
Project("{8BC9CEB8-8B4A-11D0-8D11-00A0C91BC942}") = "Sudoku", "Sudoku\Sudoku.vcxproj", "{FE43A067-0EB7-47DE-8B85-E24E2141C0DD}"
EndProject
Global
	GlobalSection(SolutionConfigurationPlatforms) = preSolution
		Debug|x64 = Debug|x64
		Debug|x86 = Debug|x86
		Release|x64 = Release|x64
		Release|x86 = Release|x86
	EndGlobalSection
	GlobalSection(ProjectConfigurationPlatforms) = postSolution
		{FE43A067-0EB7-47DE-8B85-E24E2141C0DD}.Debug|x64.ActiveCfg = Debug|x64
		{FE43A067-0EB7-47DE-8B85-E24E2141C0DD}.Debug|x64.Build.0 = Debug|x64
		{FE43A067-0EB7-47DE-8B85-E24E2141C0DD}.Debug|x86.ActiveCfg = Debug|Win32
		{FE43A067-0EB7-47DE-8B85-E24E2141C0DD}.Debug|x86.Build.0 = Debug|Win32
		{FE43A067-0EB7-47DE-8B85-E24E2141C0DD}.Release|x64.ActiveCfg = Release|x64
		{FE43A067-0EB7-47DE-8B85-E24E2141C0DD}.Release|x64.Build.0 = Release|x64
		{FE43A067-0EB7-47DE-8B85-E24E2141C0DD}.Release|x86.ActiveCfg = Release|Win32
		{FE43A067-0EB7-47DE-8B85-E24E2141C0DD}.Release|x86.Build.0 = Release|Win32
	EndGlobalSection
	GlobalSection(SolutionProperties) = preSolution
		HideSolutionNode = FALSE
	EndGlobalSection
	GlobalSection(ExtensibilityGlobals) = postSolution
		SolutionGuid = {ACEF9D97-6AE0-489E-ACC9-74213D2FED63}
	EndGlobalSection
EndGlobal
